// !$*UTF8*$!
{
	archiveVersion = 1;
	classes = {
	};
	objectVersion = 46;
	objects = {

/* Begin PBXBuildFile section */
		FEF9A0B71C481EAA00636C6E /* main.m in Sources */ = {isa = PBXBuildFile; fileRef = FEF9A0B61C481EAA00636C6E /* main.m */; };
		FEF9A0BA1C481EAA00636C6E /* AppDelegate.m in Sources */ = {isa = PBXBuildFile; fileRef = FEF9A0B91C481EAA00636C6E /* AppDelegate.m */; };
		FEF9A0BD1C481EAA00636C6E /* ViewController.m in Sources */ = {isa = PBXBuildFile; fileRef = FEF9A0BC1C481EAA00636C6E /* ViewController.m */; };
		FEF9A0C01C481EAA00636C6E /* Main.storyboard in Resources */ = {isa = PBXBuildFile; fileRef = FEF9A0BE1C481EAA00636C6E /* Main.storyboard */; };
		FEF9A0C21C481EAA00636C6E /* Assets.xcassets in Resources */ = {isa = PBXBuildFile; fileRef = FEF9A0C11C481EAA00636C6E /* Assets.xcassets */; };
		FEF9A0C51C481EAA00636C6E /* LaunchScreen.storyboard in Resources */ = {isa = PBXBuildFile; fileRef = FEF9A0C31C481EAA00636C6E /* LaunchScreen.storyboard */; };
/* End PBXBuildFile section */

/* Begin PBXFileReference section */
		FEF9A0B21C481EAA00636C6E /* Calcutron.app */ = {isa = PBXFileReference; explicitFileType = wrapper.application; includeInIndex = 0; path = Calcutron.app; sourceTree = BUILT_PRODUCTS_DIR; };
		FEF9A0B61C481EAA00636C6E /* main.m */ = {isa = PBXFileReference; lastKnownFileType = sourcecode.c.objc; path = main.m; sourceTree = "<group>"; };
		FEF9A0B81C481EAA00636C6E /* AppDelegate.h */ = {isa = PBXFileReference; lastKnownFileType = sourcecode.c.h; path = AppDelegate.h; sourceTree = "<group>"; };
		FEF9A0B91C481EAA00636C6E /* AppDelegate.m */ = {isa = PBXFileReference; lastKnownFileType = sourcecode.c.objc; path = AppDelegate.m; sourceTree = "<group>"; };
		FEF9A0BB1C481EAA00636C6E /* ViewController.h */ = {isa = PBXFileReference; lastKnownFileType = sourcecode.c.h; path = ViewController.h; sourceTree = "<group>"; };
		FEF9A0BC1C481EAA00636C6E /* ViewController.m */ = {isa = PBXFileReference; lastKnownFileType = sourcecode.c.objc; path = ViewController.m; sourceTree = "<group>"; };
		FEF9A0BF1C481EAA00636C6E /* Base */ = {isa = PBXFileReference; lastKnownFileType = file.storyboard; name = Base; path = Base.lproj/Main.storyboard; sourceTree = "<group>"; };
		FEF9A0C11C481EAA00636C6E /* Assets.xcassets */ = {isa = PBXFileReference; lastKnownFileType = folder.assetcatalog; path = Assets.xcassets; sourceTree = "<group>"; };
		FEF9A0C41C481EAA00636C6E /* Base */ = {isa = PBXFileReference; lastKnownFileType = file.storyboard; name = Base; path = Base.lproj/LaunchScreen.storyboard; sourceTree = "<group>"; };
		FEF9A0C61C481EAA00636C6E /* Info.plist */ = {isa = PBXFileReference; lastKnownFileType = text.plist.xml; path = Info.plist; sourceTree = "<group>"; };
/* End PBXFileReference section */

/* Begin PBXFrameworksBuildPhase section */
		FEF9A0AF1C481EAA00636C6E /* Frameworks */ = {
			isa = PBXFrameworksBuildPhase;
			buildActionMask = 2147483647;
			files = (
			);
			runOnlyForDeploymentPostprocessing = 0;
		};
/* End PBXFrameworksBuildPhase section */

/* Begin PBXGroup section */
		FEF9A0A91C481EAA00636C6E = {
			isa = PBXGroup;
			children = (
				FEF9A0B41C481EAA00636C6E /* Calcutron */,
				FEF9A0B31C481EAA00636C6E /* Products */,
			);
			sourceTree = "<group>";
		};
		FEF9A0B31C481EAA00636C6E /* Products */ = {
			isa = PBXGroup;
			children = (
				FEF9A0B21C481EAA00636C6E /* Calcutron.app */,
			);
			name = Products;
			sourceTree = "<group>";
		};
		FEF9A0B41C481EAA00636C6E /* Calcutron */ = {
			isa = PBXGroup;
			children = (
				FEF9A0BB1C481EAA00636C6E /* ViewController.h */,
				FEF9A0BC1C481EAA00636C6E /* ViewController.m */,
				FEF9A0BE1C481EAA00636C6E /* Main.storyboard */,
				FEF9A0B81C481EAA00636C6E /* AppDelegate.h */,
				FEF9A0B91C481EAA00636C6E /* AppDelegate.m */,
				FEF9A0C11C481EAA00636C6E /* Assets.xcassets */,
				FEF9A0C31C481EAA00636C6E /* LaunchScreen.storyboard */,
				FEF9A0C61C481EAA00636C6E /* Info.plist */,
				FEF9A0B51C481EAA00636C6E /* Supporting Files */,
			);
			path = Calcutron;
			sourceTree = "<group>";
		};
		FEF9A0B51C481EAA00636C6E /* Supporting Files */ = {
			isa = PBXGroup;
			children = (
				FEF9A0B61C481EAA00636C6E /* main.m */,
			);
			name = "Supporting Files";
			sourceTree = "<group>";
		};
/* End PBXGroup section */

/* Begin PBXNativeTarget section */
		FEF9A0B11C481EAA00636C6E /* Calcutron */ = {
			isa = PBXNativeTarget;
			buildConfigurationList = FEF9A0C91C481EAA00636C6E /* Build configuration list for PBXNativeTarget "Calcutron" */;
			buildPhases = (
				FEF9A0AE1C481EAA00636C6E /* Sources */,
				FEF9A0AF1C481EAA00636C6E /* Frameworks */,
				FEF9A0B01C481EAA00636C6E /* Resources */,
			);
			buildRules = (
			);
			dependencies = (
			);
			name = Calcutron;
			productName = Calcutron;
			productReference = FEF9A0B21C481EAA00636C6E /* Calcutron.app */;
			productType = "com.apple.product-type.application";
		};
/* End PBXNativeTarget section */

/* Begin PBXProject section */
		FEF9A0AA1C481EAA00636C6E /* Project object */ = {
			isa = PBXProject;
			attributes = {
				LastUpgradeCheck = 0720;
				ORGANIZATIONNAME = "Michael Saltzman";
				TargetAttributes = {
					FEF9A0B11C481EAA00636C6E = {
						CreatedOnToolsVersion = 7.2;
					};
				};
			};
			buildConfigurationList = FEF9A0AD1C481EAA00636C6E /* Build configuration list for PBXProject "Calcutron" */;
			compatibilityVersion = "Xcode 3.2";
			developmentRegion = English;
			hasScannedForEncodings = 0;
			knownRegions = (
				en,
				Base,
			);
			mainGroup = FEF9A0A91C481EAA00636C6E;
			productRefGroup = FEF9A0B31C481EAA00636C6E /* Products */;
			projectDirPath = "";
			projectRoot = "";
			targets = (
				FEF9A0B11C481EAA00636C6E /* Calcutron */,
			);
		};
/* End PBXProject section */

/* Begin PBXResourcesBuildPhase section */
		FEF9A0B01C481EAA00636C6E /* Resources */ = {
			isa = PBXResourcesBuildPhase;
			buildActionMask = 2147483647;
			files = (
				FEF9A0C51C481EAA00636C6E /* LaunchScreen.storyboard in Resources */,
				FEF9A0C21C481EAA00636C6E /* Assets.xcassets in Resources */,
				FEF9A0C01C481EAA00636C6E /* Main.storyboard in Resources */,
			);
			runOnlyForDeploymentPostprocessing = 0;
		};
/* End PBXResourcesBuildPhase section */

/* Begin PBXSourcesBuildPhase section */
		FEF9A0AE1C481EAA00636C6E /* Sources */ = {
			isa = PBXSourcesBuildPhase;
			buildActionMask = 2147483647;
			files = (
				FEF9A0BD1C481EAA00636C6E /* ViewController.m in Sources */,
				FEF9A0BA1C481EAA00636C6E /* AppDelegate.m in Sources */,
				FEF9A0B71C481EAA00636C6E /* main.m in Sources */,
			);
			runOnlyForDeploymentPostprocessing = 0;
		};
/* End PBXSourcesBuildPhase section */

/* Begin PBXVariantGroup section */
		FEF9A0BE1C481EAA00636C6E /* Main.storyboard */ = {
			isa = PBXVariantGroup;
			children = (
				FEF9A0BF1C481EAA00636C6E /* Base */,
			);
			name = Main.storyboard;
			sourceTree = "<group>";
		};
		FEF9A0C31C481EAA00636C6E /* LaunchScreen.storyboard */ = {
			isa = PBXVariantGroup;
			children = (
				FEF9A0C41C481EAA00636C6E /* Base */,
			);
			name = LaunchScreen.storyboard;
			sourceTree = "<group>";
		};
/* End PBXVariantGroup section */

/* Begin XCBuildConfiguration section */
		FEF9A0C71C481EAA00636C6E /* Debug */ = {
			isa = XCBuildConfiguration;
			buildSettings = {
				ALWAYS_SEARCH_USER_PATHS = NO;
				CLANG_CXX_LANGUAGE_STANDARD = "gnu++0x";
				CLANG_CXX_LIBRARY = "libc++";
				CLANG_ENABLE_MODULES = YES;
				CLANG_ENABLE_OBJC_ARC = YES;
				CLANG_WARN_BOOL_CONVERSION = YES;
				CLANG_WARN_CONSTANT_CONVERSION = YES;
				CLANG_WARN_DIRECT_OBJC_ISA_USAGE = YES_ERROR;
				CLANG_WARN_EMPTY_BODY = YES;
				CLANG_WARN_ENUM_CONVERSION = YES;
				CLANG_WARN_INT_CONVERSION = YES;
				CLANG_WARN_OBJC_ROOT_CLASS = YES_ERROR;
				CLANG_WARN_UNREACHABLE_CODE = YES;
				CLANG_WARN__DUPLICATE_METHOD_MATCH = YES;
				"CODE_SIGN_IDENTITY[sdk=iphoneos*]" = "iPhone Developer";
				COPY_PHASE_STRIP = NO;
				DEBUG_INFORMATION_FORMAT = dwarf;
				ENABLE_STRICT_OBJC_MSGSEND = YES;
				ENABLE_TESTABILITY = YES;
				GCC_C_LANGUAGE_STANDARD = gnu99;
				GCC_DYNAMIC_NO_PIC = NO;
				GCC_NO_COMMON_BLOCKS = YES;
				GCC_OPTIMIZATION_LEVEL = 0;
				GCC_PREPROCESSOR_DEFINITIONS = (
					"DEBUG=1",
					"$(inherited)",
				);
				GCC_WARN_64_TO_32_BIT_CONVERSION = YES;
				GCC_WARN_ABOUT_RETURN_TYPE = YES_ERROR;
				GCC_WARN_UNDECLARED_SELECTOR = YES;
				GCC_WARN_UNINITIALIZED_AUTOS = YES_AGGRESSIVE;
				GCC_WARN_UNUSED_FUNCTION = YES;
				GCC_WARN_UNUSED_VARIABLE = YES;
				IPHONEOS_DEPLOYMENT_TARGET = 9.2;
				MTL_ENABLE_DEBUG_INFO = YES;
				ONLY_ACTIVE_ARCH = YES;
				SDKROOT = iphoneos;
				TARGETED_DEVICE_FAMILY = "1,2";
			};
			name = Debug;
		};
		FEF9A0C81C481EAA00636C6E /* Release */ = {
			isa = XCBuildConfiguration;
			buildSettings = {
				ALWAYS_SEARCH_USER_PATHS = NO;
				CLANG_CXX_LANGUAGE_STANDARD = "gnu++0x";
				CLANG_CXX_LIBRARY = "libc++";
				CLANG_ENABLE_MODULES = YES;
				CLANG_ENABLE_OBJC_ARC = YES;
				CLANG_WARN_BOOL_CONVERSION = YES;
				CLANG_WARN_CONSTANT_CONVERSION = YES;
				CLANG_WARN_DIRECT_OBJC_ISA_USAGE = YES_ERROR;
				CLANG_WARN_EMPTY_BODY = YES;
				CLANG_WARN_ENUM_CONVERSION = YES;
				CLANG_WARN_INT_CONVERSION = YES;
				CLANG_WARN_OBJC_ROOT_CLASS = YES_ERROR;
				CLANG_WARN_UNREACHABLE_CODE = YES;
				CLANG_WARN__DUPLICATE_METHOD_MATCH = YES;
				"CODE_SIGN_IDENTITY[sdk=iphoneos*]" = "iPhone Developer";
				COPY_PHASE_STRIP = NO;
				DEBUG_INFORMATION_FORMAT = "dwarf-with-dsym";
				ENABLE_NS_ASSERTIONS = NO;
				ENABLE_STRICT_OBJC_MSGSEND = YES;
				GCC_C_LANGUAGE_STANDARD = gnu99;
				GCC_NO_COMMON_BLOCKS = YES;
				GCC_WARN_64_TO_32_BIT_CONVERSION = YES;
				GCC_WARN_ABOUT_RETURN_TYPE = YES_ERROR;
				GCC_WARN_UNDECLARED_SELECTOR = YES;
				GCC_WARN_UNINITIALIZED_AUTOS = YES_AGGRESSIVE;
				GCC_WARN_UNUSED_FUNCTION = YES;
				GCC_WARN_UNUSED_VARIABLE = YES;
				IPHONEOS_DEPLOYMENT_TARGET = 9.2;
				MTL_ENABLE_DEBUG_INFO = NO;
				SDKROOT = iphoneos;
				TARGETED_DEVICE_FAMILY = "1,2";
				VALIDATE_PRODUCT = YES;
			};
			name = Release;
		};
		FEF9A0CA1C481EAA00636C6E /* Debug */ = {
			isa = XCBuildConfiguration;
			buildSettings = {
				ASSETCATALOG_COMPILER_APPICON_NAME = AppIcon;
				INFOPLIST_FILE = Calcutron/Info.plist;
				LD_RUNPATH_SEARCH_PATHS = "$(inherited) @executable_path/Frameworks";
				PRODUCT_BUNDLE_IDENTIFIER = MobileMakers.Calcutron;
				PRODUCT_NAME = "$(TARGET_NAME)";
			};
			name = Debug;
		};
		FEF9A0CB1C481EAA00636C6E /* Release */ = {
			isa = XCBuildConfiguration;
			buildSettings = {
				ASSETCATALOG_COMPILER_APPICON_NAME = AppIcon;
				INFOPLIST_FILE = Calcutron/Info.plist;
				LD_RUNPATH_SEARCH_PATHS = "$(inherited) @executable_path/Frameworks";
				PRODUCT_BUNDLE_IDENTIFIER = MobileMakers.Calcutron;
				PRODUCT_NAME = "$(TARGET_NAME)";
			};
			name = Release;
		};
/* End XCBuildConfiguration section */

/* Begin XCConfigurationList section */
		FEF9A0AD1C481EAA00636C6E /* Build configuration list for PBXProject "Calcutron" */ = {
			isa = XCConfigurationList;
			buildConfigurations = (
				FEF9A0C71C481EAA00636C6E /* Debug */,
				FEF9A0C81C481EAA00636C6E /* Release */,
			);
			defaultConfigurationIsVisible = 0;
			defaultConfigurationName = Release;
		};
		FEF9A0C91C481EAA00636C6E /* Build configuration list for PBXNativeTarget "Calcutron" */ = {
			isa = XCConfigurationList;
			buildConfigurations = (
				FEF9A0CA1C481EAA00636C6E /* Debug */,
				FEF9A0CB1C481EAA00636C6E /* Release */,
			);
			defaultConfigurationIsVisible = 0;
		};
/* End XCConfigurationList section */
	};
	rootObject = FEF9A0AA1C481EAA00636C6E /* Project object */;
}
